github.com/jkuma/gophercises v0.0.0-20191104142838-241c6eaf199f h1:6dTwR7p9IufEQ9nfFkY2n5szUqBRVrgVN41+1hwEuYo=
github.com/jkuma/gophercises/deck v0.0.0-20191104142838-241c6eaf199f h1:RrkVgQPZ7PHZ+RfBxI8gxddPxh85U1sgo2zWk2rhfk4=
github.com/jkuma/gophercises/deck v0.0.0-20191104142838-241c6eaf199f/go.mod h1:4+GHu6ZxR48sXEFGAT6LdpIG9dBjbtpepUETe+Oxi80=
